// !$*UTF8*$!
{
	archiveVersion = 1;
	classes = {
	};
	objectVersion = 48;
	objects = {

/* Begin PBXBuildFile section */
		728A34501F9F21A0005377D6 /* AppDelegate.swift in Sources */ = {isa = PBXBuildFile; fileRef = 728A344F1F9F21A0005377D6 /* AppDelegate.swift */; };
		728A34521F9F21A0005377D6 /* ViewController.swift in Sources */ = {isa = PBXBuildFile; fileRef = 728A34511F9F21A0005377D6 /* ViewController.swift */; };
		728A34551F9F21A0005377D6 /* Main.storyboard in Resources */ = {isa = PBXBuildFile; fileRef = 728A34531F9F21A0005377D6 /* Main.storyboard */; };
		728A34571F9F21A0005377D6 /* Assets.xcassets in Resources */ = {isa = PBXBuildFile; fileRef = 728A34561F9F21A0005377D6 /* Assets.xcassets */; };
		728A345A1F9F21A0005377D6 /* LaunchScreen.storyboard in Resources */ = {isa = PBXBuildFile; fileRef = 728A34581F9F21A0005377D6 /* LaunchScreen.storyboard */; };
		728A34651F9F21A0005377D6 /* HomePlateTests.swift in Sources */ = {isa = PBXBuildFile; fileRef = 728A34641F9F21A0005377D6 /* HomePlateTests.swift */; };
		728A34701F9F21A0005377D6 /* HomePlateUITests.swift in Sources */ = {isa = PBXBuildFile; fileRef = 728A346F1F9F21A0005377D6 /* HomePlateUITests.swift */; };
		728A34751F9F21A0005377D6 /* HomePlate WatchKit App.app in Embed Watch Content */ = {isa = PBXBuildFile; fileRef = 728A34741F9F21A0005377D6 /* HomePlate WatchKit App.app */; };
		728A347B1F9F21A0005377D6 /* Interface.storyboard in Resources */ = {isa = PBXBuildFile; fileRef = 728A34791F9F21A0005377D6 /* Interface.storyboard */; };
		728A347D1F9F21A0005377D6 /* Assets.xcassets in Resources */ = {isa = PBXBuildFile; fileRef = 728A347C1F9F21A0005377D6 /* Assets.xcassets */; };
		728A34841F9F21A1005377D6 /* HomePlate WatchKit Extension.appex in Embed App Extensions */ = {isa = PBXBuildFile; fileRef = 728A34831F9F21A1005377D6 /* HomePlate WatchKit Extension.appex */; settings = {ATTRIBUTES = (RemoveHeadersOnCopy, ); }; };
		728A34891F9F21A1005377D6 /* InterfaceController.swift in Sources */ = {isa = PBXBuildFile; fileRef = 728A34881F9F21A1005377D6 /* InterfaceController.swift */; };
		728A348B1F9F21A1005377D6 /* ExtensionDelegate.swift in Sources */ = {isa = PBXBuildFile; fileRef = 728A348A1F9F21A1005377D6 /* ExtensionDelegate.swift */; };
		728A348D1F9F21A1005377D6 /* NotificationController.swift in Sources */ = {isa = PBXBuildFile; fileRef = 728A348C1F9F21A1005377D6 /* NotificationController.swift */; };
		728A348F1F9F21A1005377D6 /* Assets.xcassets in Resources */ = {isa = PBXBuildFile; fileRef = 728A348E1F9F21A1005377D6 /* Assets.xcassets */; };
/* End PBXBuildFile section */

/* Begin PBXContainerItemProxy section */
		728A34611F9F21A0005377D6 /* PBXContainerItemProxy */ = {
			isa = PBXContainerItemProxy;
			containerPortal = 728A34441F9F21A0005377D6 /* Project object */;
			proxyType = 1;
			remoteGlobalIDString = 728A344B1F9F21A0005377D6;
			remoteInfo = HomePlate;
		};
		728A346C1F9F21A0005377D6 /* PBXContainerItemProxy */ = {
			isa = PBXContainerItemProxy;
			containerPortal = 728A34441F9F21A0005377D6 /* Project object */;
			proxyType = 1;
			remoteGlobalIDString = 728A344B1F9F21A0005377D6;
			remoteInfo = HomePlate;
		};
		728A34761F9F21A0005377D6 /* PBXContainerItemProxy */ = {
			isa = PBXContainerItemProxy;
			containerPortal = 728A34441F9F21A0005377D6 /* Project object */;
			proxyType = 1;
			remoteGlobalIDString = 728A34731F9F21A0005377D6;
			remoteInfo = "HomePlate WatchKit App";
		};
		728A34851F9F21A1005377D6 /* PBXContainerItemProxy */ = {
			isa = PBXContainerItemProxy;
			containerPortal = 728A34441F9F21A0005377D6 /* Project object */;
			proxyType = 1;
			remoteGlobalIDString = 728A34821F9F21A1005377D6;
			remoteInfo = "HomePlate WatchKit Extension";
		};
/* End PBXContainerItemProxy section */

/* Begin PBXCopyFilesBuildPhase section */
		728A34971F9F21A1005377D6 /* Embed App Extensions */ = {
			isa = PBXCopyFilesBuildPhase;
			buildActionMask = 2147483647;
			dstPath = "";
			dstSubfolderSpec = 13;
			files = (
				728A34841F9F21A1005377D6 /* HomePlate WatchKit Extension.appex in Embed App Extensions */,
			);
			name = "Embed App Extensions";
			runOnlyForDeploymentPostprocessing = 0;
		};
		728A349B1F9F21A1005377D6 /* Embed Watch Content */ = {
			isa = PBXCopyFilesBuildPhase;
			buildActionMask = 2147483647;
			dstPath = "$(CONTENTS_FOLDER_PATH)/Watch";
			dstSubfolderSpec = 16;
			files = (
				728A34751F9F21A0005377D6 /* HomePlate WatchKit App.app in Embed Watch Content */,
			);
			name = "Embed Watch Content";
			runOnlyForDeploymentPostprocessing = 0;
		};
/* End PBXCopyFilesBuildPhase section */

/* Begin PBXFileReference section */
		728A344C1F9F21A0005377D6 /* HomePlate.app */ = {isa = PBXFileReference; explicitFileType = wrapper.application; includeInIndex = 0; path = HomePlate.app; sourceTree = BUILT_PRODUCTS_DIR; };
		728A344F1F9F21A0005377D6 /* AppDelegate.swift */ = {isa = PBXFileReference; lastKnownFileType = sourcecode.swift; path = AppDelegate.swift; sourceTree = "<group>"; };
		728A34511F9F21A0005377D6 /* ViewController.swift */ = {isa = PBXFileReference; lastKnownFileType = sourcecode.swift; path = ViewController.swift; sourceTree = "<group>"; };
		728A34541F9F21A0005377D6 /* Base */ = {isa = PBXFileReference; lastKnownFileType = file.storyboard; name = Base; path = Base.lproj/Main.storyboard; sourceTree = "<group>"; };
		728A34561F9F21A0005377D6 /* Assets.xcassets */ = {isa = PBXFileReference; lastKnownFileType = folder.assetcatalog; path = Assets.xcassets; sourceTree = "<group>"; };
		728A34591F9F21A0005377D6 /* Base */ = {isa = PBXFileReference; lastKnownFileType = file.storyboard; name = Base; path = Base.lproj/LaunchScreen.storyboard; sourceTree = "<group>"; };
		728A345B1F9F21A0005377D6 /* Info.plist */ = {isa = PBXFileReference; lastKnownFileType = text.plist.xml; path = Info.plist; sourceTree = "<group>"; };
		728A34601F9F21A0005377D6 /* HomePlateTests.xctest */ = {isa = PBXFileReference; explicitFileType = wrapper.cfbundle; includeInIndex = 0; path = HomePlateTests.xctest; sourceTree = BUILT_PRODUCTS_DIR; };
		728A34641F9F21A0005377D6 /* HomePlateTests.swift */ = {isa = PBXFileReference; lastKnownFileType = sourcecode.swift; path = HomePlateTests.swift; sourceTree = "<group>"; };
		728A34661F9F21A0005377D6 /* Info.plist */ = {isa = PBXFileReference; lastKnownFileType = text.plist.xml; path = Info.plist; sourceTree = "<group>"; };
		728A346B1F9F21A0005377D6 /* HomePlateUITests.xctest */ = {isa = PBXFileReference; explicitFileType = wrapper.cfbundle; includeInIndex = 0; path = HomePlateUITests.xctest; sourceTree = BUILT_PRODUCTS_DIR; };
		728A346F1F9F21A0005377D6 /* HomePlateUITests.swift */ = {isa = PBXFileReference; lastKnownFileType = sourcecode.swift; path = HomePlateUITests.swift; sourceTree = "<group>"; };
		728A34711F9F21A0005377D6 /* Info.plist */ = {isa = PBXFileReference; lastKnownFileType = text.plist.xml; path = Info.plist; sourceTree = "<group>"; };
		728A34741F9F21A0005377D6 /* HomePlate WatchKit App.app */ = {isa = PBXFileReference; explicitFileType = wrapper.application; includeInIndex = 0; path = "HomePlate WatchKit App.app"; sourceTree = BUILT_PRODUCTS_DIR; };
		728A347A1F9F21A0005377D6 /* Base */ = {isa = PBXFileReference; lastKnownFileType = file.storyboard; name = Base; path = Base.lproj/Interface.storyboard; sourceTree = "<group>"; };
		728A347C1F9F21A0005377D6 /* Assets.xcassets */ = {isa = PBXFileReference; lastKnownFileType = folder.assetcatalog; path = Assets.xcassets; sourceTree = "<group>"; };
		728A347E1F9F21A0005377D6 /* Info.plist */ = {isa = PBXFileReference; lastKnownFileType = text.plist.xml; path = Info.plist; sourceTree = "<group>"; };
		728A34831F9F21A1005377D6 /* HomePlate WatchKit Extension.appex */ = {isa = PBXFileReference; explicitFileType = "wrapper.app-extension"; includeInIndex = 0; path = "HomePlate WatchKit Extension.appex"; sourceTree = BUILT_PRODUCTS_DIR; };
		728A34881F9F21A1005377D6 /* InterfaceController.swift */ = {isa = PBXFileReference; lastKnownFileType = sourcecode.swift; path = InterfaceController.swift; sourceTree = "<group>"; };
		728A348A1F9F21A1005377D6 /* ExtensionDelegate.swift */ = {isa = PBXFileReference; lastKnownFileType = sourcecode.swift; path = ExtensionDelegate.swift; sourceTree = "<group>"; };
		728A348C1F9F21A1005377D6 /* NotificationController.swift */ = {isa = PBXFileReference; lastKnownFileType = sourcecode.swift; path = NotificationController.swift; sourceTree = "<group>"; };
		728A348E1F9F21A1005377D6 /* Assets.xcassets */ = {isa = PBXFileReference; lastKnownFileType = folder.assetcatalog; path = Assets.xcassets; sourceTree = "<group>"; };
		728A34901F9F21A1005377D6 /* Info.plist */ = {isa = PBXFileReference; lastKnownFileType = text.plist.xml; path = Info.plist; sourceTree = "<group>"; };
		728A34911F9F21A1005377D6 /* PushNotificationPayload.apns */ = {isa = PBXFileReference; lastKnownFileType = text; path = PushNotificationPayload.apns; sourceTree = "<group>"; };
/* End PBXFileReference section */

/* Begin PBXFrameworksBuildPhase section */
		728A34491F9F21A0005377D6 /* Frameworks */ = {
			isa = PBXFrameworksBuildPhase;
			buildActionMask = 2147483647;
			files = (
			);
			runOnlyForDeploymentPostprocessing = 0;
		};
		728A345D1F9F21A0005377D6 /* Frameworks */ = {
			isa = PBXFrameworksBuildPhase;
			buildActionMask = 2147483647;
			files = (
			);
			runOnlyForDeploymentPostprocessing = 0;
		};
		728A34681F9F21A0005377D6 /* Frameworks */ = {
			isa = PBXFrameworksBuildPhase;
			buildActionMask = 2147483647;
			files = (
			);
			runOnlyForDeploymentPostprocessing = 0;
		};
		728A34801F9F21A1005377D6 /* Frameworks */ = {
			isa = PBXFrameworksBuildPhase;
			buildActionMask = 2147483647;
			files = (
			);
			runOnlyForDeploymentPostprocessing = 0;
		};
/* End PBXFrameworksBuildPhase section */

/* Begin PBXGroup section */
		728A34431F9F21A0005377D6 = {
			isa = PBXGroup;
			children = (
				728A344E1F9F21A0005377D6 /* HomePlate */,
				728A34631F9F21A0005377D6 /* HomePlateTests */,
				728A346E1F9F21A0005377D6 /* HomePlateUITests */,
				728A34781F9F21A0005377D6 /* HomePlate WatchKit App */,
				728A34871F9F21A1005377D6 /* HomePlate WatchKit Extension */,
				728A344D1F9F21A0005377D6 /* Products */,
			);
			sourceTree = "<group>";
		};
		728A344D1F9F21A0005377D6 /* Products */ = {
			isa = PBXGroup;
			children = (
				728A344C1F9F21A0005377D6 /* HomePlate.app */,
				728A34601F9F21A0005377D6 /* HomePlateTests.xctest */,
				728A346B1F9F21A0005377D6 /* HomePlateUITests.xctest */,
				728A34741F9F21A0005377D6 /* HomePlate WatchKit App.app */,
				728A34831F9F21A1005377D6 /* HomePlate WatchKit Extension.appex */,
			);
			name = Products;
			sourceTree = "<group>";
		};
		728A344E1F9F21A0005377D6 /* HomePlate */ = {
			isa = PBXGroup;
			children = (
				728A344F1F9F21A0005377D6 /* AppDelegate.swift */,
				728A34511F9F21A0005377D6 /* ViewController.swift */,
				728A34531F9F21A0005377D6 /* Main.storyboard */,
				728A34561F9F21A0005377D6 /* Assets.xcassets */,
				728A34581F9F21A0005377D6 /* LaunchScreen.storyboard */,
				728A345B1F9F21A0005377D6 /* Info.plist */,
			);
			path = HomePlate;
			sourceTree = "<group>";
		};
		728A34631F9F21A0005377D6 /* HomePlateTests */ = {
			isa = PBXGroup;
			children = (
				728A34641F9F21A0005377D6 /* HomePlateTests.swift */,
				728A34661F9F21A0005377D6 /* Info.plist */,
			);
			path = HomePlateTests;
			sourceTree = "<group>";
		};
		728A346E1F9F21A0005377D6 /* HomePlateUITests */ = {
			isa = PBXGroup;
			children = (
				728A346F1F9F21A0005377D6 /* HomePlateUITests.swift */,
				728A34711F9F21A0005377D6 /* Info.plist */,
			);
			path = HomePlateUITests;
			sourceTree = "<group>";
		};
		728A34781F9F21A0005377D6 /* HomePlate WatchKit App */ = {
			isa = PBXGroup;
			children = (
				728A34791F9F21A0005377D6 /* Interface.storyboard */,
				728A347C1F9F21A0005377D6 /* Assets.xcassets */,
				728A347E1F9F21A0005377D6 /* Info.plist */,
			);
			path = "HomePlate WatchKit App";
			sourceTree = "<group>";
		};
		728A34871F9F21A1005377D6 /* HomePlate WatchKit Extension */ = {
			isa = PBXGroup;
			children = (
				728A34881F9F21A1005377D6 /* InterfaceController.swift */,
				728A348A1F9F21A1005377D6 /* ExtensionDelegate.swift */,
				728A348C1F9F21A1005377D6 /* NotificationController.swift */,
				728A348E1F9F21A1005377D6 /* Assets.xcassets */,
				728A34901F9F21A1005377D6 /* Info.plist */,
				728A34911F9F21A1005377D6 /* PushNotificationPayload.apns */,
			);
			path = "HomePlate WatchKit Extension";
			sourceTree = "<group>";
		};
/* End PBXGroup section */

/* Begin PBXNativeTarget section */
		728A344B1F9F21A0005377D6 /* HomePlate */ = {
			isa = PBXNativeTarget;
			buildConfigurationList = 728A349C1F9F21A1005377D6 /* Build configuration list for PBXNativeTarget "HomePlate" */;
			buildPhases = (
				728A34481F9F21A0005377D6 /* Sources */,
				728A34491F9F21A0005377D6 /* Frameworks */,
				728A344A1F9F21A0005377D6 /* Resources */,
				728A349B1F9F21A1005377D6 /* Embed Watch Content */,
			);
			buildRules = (
			);
			dependencies = (
				728A34771F9F21A0005377D6 /* PBXTargetDependency */,
			);
			name = HomePlate;
			productName = HomePlate;
			productReference = 728A344C1F9F21A0005377D6 /* HomePlate.app */;
			productType = "com.apple.product-type.application";
		};
		728A345F1F9F21A0005377D6 /* HomePlateTests */ = {
			isa = PBXNativeTarget;
			buildConfigurationList = 728A349F1F9F21A1005377D6 /* Build configuration list for PBXNativeTarget "HomePlateTests" */;
			buildPhases = (
				728A345C1F9F21A0005377D6 /* Sources */,
				728A345D1F9F21A0005377D6 /* Frameworks */,
				728A345E1F9F21A0005377D6 /* Resources */,
			);
			buildRules = (
			);
			dependencies = (
				728A34621F9F21A0005377D6 /* PBXTargetDependency */,
			);
			name = HomePlateTests;
			productName = HomePlateTests;
			productReference = 728A34601F9F21A0005377D6 /* HomePlateTests.xctest */;
			productType = "com.apple.product-type.bundle.unit-test";
		};
		728A346A1F9F21A0005377D6 /* HomePlateUITests */ = {
			isa = PBXNativeTarget;
			buildConfigurationList = 728A34A21F9F21A1005377D6 /* Build configuration list for PBXNativeTarget "HomePlateUITests" */;
			buildPhases = (
				728A34671F9F21A0005377D6 /* Sources */,
				728A34681F9F21A0005377D6 /* Frameworks */,
				728A34691F9F21A0005377D6 /* Resources */,
			);
			buildRules = (
			);
			dependencies = (
				728A346D1F9F21A0005377D6 /* PBXTargetDependency */,
			);
			name = HomePlateUITests;
			productName = HomePlateUITests;
			productReference = 728A346B1F9F21A0005377D6 /* HomePlateUITests.xctest */;
			productType = "com.apple.product-type.bundle.ui-testing";
		};
		728A34731F9F21A0005377D6 /* HomePlate WatchKit App */ = {
			isa = PBXNativeTarget;
			buildConfigurationList = 728A34981F9F21A1005377D6 /* Build configuration list for PBXNativeTarget "HomePlate WatchKit App" */;
			buildPhases = (
				728A34721F9F21A0005377D6 /* Resources */,
				728A34971F9F21A1005377D6 /* Embed App Extensions */,
			);
			buildRules = (
			);
			dependencies = (
				728A34861F9F21A1005377D6 /* PBXTargetDependency */,
			);
			name = "HomePlate WatchKit App";
			productName = "HomePlate WatchKit App";
			productReference = 728A34741F9F21A0005377D6 /* HomePlate WatchKit App.app */;
			productType = "com.apple.product-type.application.watchapp2";
		};
		728A34821F9F21A1005377D6 /* HomePlate WatchKit Extension */ = {
			isa = PBXNativeTarget;
			buildConfigurationList = 728A34941F9F21A1005377D6 /* Build configuration list for PBXNativeTarget "HomePlate WatchKit Extension" */;
			buildPhases = (
				728A347F1F9F21A1005377D6 /* Sources */,
				728A34801F9F21A1005377D6 /* Frameworks */,
				728A34811F9F21A1005377D6 /* Resources */,
			);
			buildRules = (
			);
			dependencies = (
			);
			name = "HomePlate WatchKit Extension";
			productName = "HomePlate WatchKit Extension";
			productReference = 728A34831F9F21A1005377D6 /* HomePlate WatchKit Extension.appex */;
			productType = "com.apple.product-type.watchkit2-extension";
		};
/* End PBXNativeTarget section */

/* Begin PBXProject section */
		728A34441F9F21A0005377D6 /* Project object */ = {
			isa = PBXProject;
			attributes = {
				LastSwiftUpdateCheck = 0900;
				LastUpgradeCheck = 0900;
				ORGANIZATIONNAME = mutegolf;
				TargetAttributes = {
					728A344B1F9F21A0005377D6 = {
						CreatedOnToolsVersion = 9.0.1;
						ProvisioningStyle = Automatic;
					};
					728A345F1F9F21A0005377D6 = {
						CreatedOnToolsVersion = 9.0.1;
						ProvisioningStyle = Automatic;
						TestTargetID = 728A344B1F9F21A0005377D6;
					};
					728A346A1F9F21A0005377D6 = {
						CreatedOnToolsVersion = 9.0.1;
						ProvisioningStyle = Automatic;
						TestTargetID = 728A344B1F9F21A0005377D6;
					};
					728A34731F9F21A0005377D6 = {
						CreatedOnToolsVersion = 9.0.1;
						ProvisioningStyle = Automatic;
					};
					728A34821F9F21A1005377D6 = {
						CreatedOnToolsVersion = 9.0.1;
						ProvisioningStyle = Automatic;
					};
				};
			};
			buildConfigurationList = 728A34471F9F21A0005377D6 /* Build configuration list for PBXProject "HomePlate" */;
			compatibilityVersion = "Xcode 8.0";
			developmentRegion = en;
			hasScannedForEncodings = 0;
			knownRegions = (
				en,
				Base,
			);
			mainGroup = 728A34431F9F21A0005377D6;
			productRefGroup = 728A344D1F9F21A0005377D6 /* Products */;
			projectDirPath = "";
			projectRoot = "";
			targets = (
				728A344B1F9F21A0005377D6 /* HomePlate */,
				728A345F1F9F21A0005377D6 /* HomePlateTests */,
				728A346A1F9F21A0005377D6 /* HomePlateUITests */,
				728A34731F9F21A0005377D6 /* HomePlate WatchKit App */,
				728A34821F9F21A1005377D6 /* HomePlate WatchKit Extension */,
			);
		};
/* End PBXProject section */

/* Begin PBXResourcesBuildPhase section */
		728A344A1F9F21A0005377D6 /* Resources */ = {
			isa = PBXResourcesBuildPhase;
			buildActionMask = 2147483647;
			files = (
				728A345A1F9F21A0005377D6 /* LaunchScreen.storyboard in Resources */,
				728A34571F9F21A0005377D6 /* Assets.xcassets in Resources */,
				728A34551F9F21A0005377D6 /* Main.storyboard in Resources */,
			);
			runOnlyForDeploymentPostprocessing = 0;
		};
		728A345E1F9F21A0005377D6 /* Resources */ = {
			isa = PBXResourcesBuildPhase;
			buildActionMask = 2147483647;
			files = (
			);
			runOnlyForDeploymentPostprocessing = 0;
		};
		728A34691F9F21A0005377D6 /* Resources */ = {
			isa = PBXResourcesBuildPhase;
			buildActionMask = 2147483647;
			files = (
			);
			runOnlyForDeploymentPostprocessing = 0;
		};
		728A34721F9F21A0005377D6 /* Resources */ = {
			isa = PBXResourcesBuildPhase;
			buildActionMask = 2147483647;
			files = (
				728A347D1F9F21A0005377D6 /* Assets.xcassets in Resources */,
				728A347B1F9F21A0005377D6 /* Interface.storyboard in Resources */,
			);
			runOnlyForDeploymentPostprocessing = 0;
		};
		728A34811F9F21A1005377D6 /* Resources */ = {
			isa = PBXResourcesBuildPhase;
			buildActionMask = 2147483647;
			files = (
				728A348F1F9F21A1005377D6 /* Assets.xcassets in Resources */,
			);
			runOnlyForDeploymentPostprocessing = 0;
		};
/* End PBXResourcesBuildPhase section */

/* Begin PBXSourcesBuildPhase section */
		728A34481F9F21A0005377D6 /* Sources */ = {
			isa = PBXSourcesBuildPhase;
			buildActionMask = 2147483647;
			files = (
				728A34521F9F21A0005377D6 /* ViewController.swift in Sources */,
				728A34501F9F21A0005377D6 /* AppDelegate.swift in Sources */,
			);
			runOnlyForDeploymentPostprocessing = 0;
		};
		728A345C1F9F21A0005377D6 /* Sources */ = {
			isa = PBXSourcesBuildPhase;
			buildActionMask = 2147483647;
			files = (
				728A34651F9F21A0005377D6 /* HomePlateTests.swift in Sources */,
			);
			runOnlyForDeploymentPostprocessing = 0;
		};
		728A34671F9F21A0005377D6 /* Sources */ = {
			isa = PBXSourcesBuildPhase;
			buildActionMask = 2147483647;
			files = (
				728A34701F9F21A0005377D6 /* HomePlateUITests.swift in Sources */,
			);
			runOnlyForDeploymentPostprocessing = 0;
		};
		728A347F1F9F21A1005377D6 /* Sources */ = {
			isa = PBXSourcesBuildPhase;
			buildActionMask = 2147483647;
			files = (
				728A348D1F9F21A1005377D6 /* NotificationController.swift in Sources */,
				728A348B1F9F21A1005377D6 /* ExtensionDelegate.swift in Sources */,
				728A34891F9F21A1005377D6 /* InterfaceController.swift in Sources */,
			);
			runOnlyForDeploymentPostprocessing = 0;
		};
/* End PBXSourcesBuildPhase section */

/* Begin PBXTargetDependency section */
		728A34621F9F21A0005377D6 /* PBXTargetDependency */ = {
			isa = PBXTargetDependency;
			target = 728A344B1F9F21A0005377D6 /* HomePlate */;
			targetProxy = 728A34611F9F21A0005377D6 /* PBXContainerItemProxy */;
		};
		728A346D1F9F21A0005377D6 /* PBXTargetDependency */ = {
			isa = PBXTargetDependency;
			target = 728A344B1F9F21A0005377D6 /* HomePlate */;
			targetProxy = 728A346C1F9F21A0005377D6 /* PBXContainerItemProxy */;
		};
		728A34771F9F21A0005377D6 /* PBXTargetDependency */ = {
			isa = PBXTargetDependency;
			target = 728A34731F9F21A0005377D6 /* HomePlate WatchKit App */;
			targetProxy = 728A34761F9F21A0005377D6 /* PBXContainerItemProxy */;
		};
		728A34861F9F21A1005377D6 /* PBXTargetDependency */ = {
			isa = PBXTargetDependency;
			target = 728A34821F9F21A1005377D6 /* HomePlate WatchKit Extension */;
			targetProxy = 728A34851F9F21A1005377D6 /* PBXContainerItemProxy */;
		};
/* End PBXTargetDependency section */

/* Begin PBXVariantGroup section */
		728A34531F9F21A0005377D6 /* Main.storyboard */ = {
			isa = PBXVariantGroup;
			children = (
				728A34541F9F21A0005377D6 /* Base */,
			);
			name = Main.storyboard;
			sourceTree = "<group>";
		};
		728A34581F9F21A0005377D6 /* LaunchScreen.storyboard */ = {
			isa = PBXVariantGroup;
			children = (
				728A34591F9F21A0005377D6 /* Base */,
			);
			name = LaunchScreen.storyboard;
			sourceTree = "<group>";
		};
		728A34791F9F21A0005377D6 /* Interface.storyboard */ = {
			isa = PBXVariantGroup;
			children = (
				728A347A1F9F21A0005377D6 /* Base */,
			);
			name = Interface.storyboard;
			sourceTree = "<group>";
		};
/* End PBXVariantGroup section */

/* Begin XCBuildConfiguration section */
		728A34921F9F21A1005377D6 /* Debug */ = {
			isa = XCBuildConfiguration;
			buildSettings = {
				ALWAYS_SEARCH_USER_PATHS = NO;
				CLANG_ANALYZER_NONNULL = YES;
				CLANG_ANALYZER_NUMBER_OBJECT_CONVERSION = YES_AGGRESSIVE;
				CLANG_CXX_LANGUAGE_STANDARD = "gnu++14";
				CLANG_CXX_LIBRARY = "libc++";
				CLANG_ENABLE_MODULES = YES;
				CLANG_ENABLE_OBJC_ARC = YES;
				CLANG_WARN_BLOCK_CAPTURE_AUTORELEASING = YES;
				CLANG_WARN_BOOL_CONVERSION = YES;
				CLANG_WARN_COMMA = YES;
				CLANG_WARN_CONSTANT_CONVERSION = YES;
				CLANG_WARN_DIRECT_OBJC_ISA_USAGE = YES_ERROR;
				CLANG_WARN_DOCUMENTATION_COMMENTS = YES;
				CLANG_WARN_EMPTY_BODY = YES;
				CLANG_WARN_ENUM_CONVERSION = YES;
				CLANG_WARN_INFINITE_RECURSION = YES;
				CLANG_WARN_INT_CONVERSION = YES;
				CLANG_WARN_NON_LITERAL_NULL_CONVERSION = YES;
				CLANG_WARN_OBJC_LITERAL_CONVERSION = YES;
				CLANG_WARN_OBJC_ROOT_CLASS = YES_ERROR;
				CLANG_WARN_RANGE_LOOP_ANALYSIS = YES;
				CLANG_WARN_STRICT_PROTOTYPES = YES;
				CLANG_WARN_SUSPICIOUS_MOVE = YES;
				CLANG_WARN_UNGUARDED_AVAILABILITY = YES_AGGRESSIVE;
				CLANG_WARN_UNREACHABLE_CODE = YES;
				CLANG_WARN__DUPLICATE_METHOD_MATCH = YES;
				CODE_SIGN_IDENTITY = "iPhone Developer";
				COPY_PHASE_STRIP = NO;
				DEBUG_INFORMATION_FORMAT = dwarf;
				ENABLE_STRICT_OBJC_MSGSEND = YES;
				ENABLE_TESTABILITY = YES;
				GCC_C_LANGUAGE_STANDARD = gnu11;
				GCC_DYNAMIC_NO_PIC = NO;
				GCC_NO_COMMON_BLOCKS = YES;
				GCC_OPTIMIZATION_LEVEL = 0;
				GCC_PREPROCESSOR_DEFINITIONS = (
					"DEBUG=1",
					"$(inherited)",
				);
				GCC_WARN_64_TO_32_BIT_CONVERSION = YES;
				GCC_WARN_ABOUT_RETURN_TYPE = YES_ERROR;
				GCC_WARN_UNDECLARED_SELECTOR = YES;
				GCC_WARN_UNINITIALIZED_AUTOS = YES_AGGRESSIVE;
				GCC_WARN_UNUSED_FUNCTION = YES;
				GCC_WARN_UNUSED_VARIABLE = YES;
				IPHONEOS_DEPLOYMENT_TARGET = 11.0;
				MTL_ENABLE_DEBUG_INFO = YES;
				ONLY_ACTIVE_ARCH = YES;
				SDKROOT = iphoneos;
				SWIFT_ACTIVE_COMPILATION_CONDITIONS = DEBUG;
				SWIFT_OPTIMIZATION_LEVEL = "-Onone";
			};
			name = Debug;
		};
		728A34931F9F21A1005377D6 /* Release */ = {
			isa = XCBuildConfiguration;
			buildSettings = {
				ALWAYS_SEARCH_USER_PATHS = NO;
				CLANG_ANALYZER_NONNULL = YES;
				CLANG_ANALYZER_NUMBER_OBJECT_CONVERSION = YES_AGGRESSIVE;
				CLANG_CXX_LANGUAGE_STANDARD = "gnu++14";
				CLANG_CXX_LIBRARY = "libc++";
				CLANG_ENABLE_MODULES = YES;
				CLANG_ENABLE_OBJC_ARC = YES;
				CLANG_WARN_BLOCK_CAPTURE_AUTORELEASING = YES;
				CLANG_WARN_BOOL_CONVERSION = YES;
				CLANG_WARN_COMMA = YES;
				CLANG_WARN_CONSTANT_CONVERSION = YES;
				CLANG_WARN_DIRECT_OBJC_ISA_USAGE = YES_ERROR;
				CLANG_WARN_DOCUMENTATION_COMMENTS = YES;
				CLANG_WARN_EMPTY_BODY = YES;
				CLANG_WARN_ENUM_CONVERSION = YES;
				CLANG_WARN_INFINITE_RECURSION = YES;
				CLANG_WARN_INT_CONVERSION = YES;
				CLANG_WARN_NON_LITERAL_NULL_CONVERSION = YES;
				CLANG_WARN_OBJC_LITERAL_CONVERSION = YES;
				CLANG_WARN_OBJC_ROOT_CLASS = YES_ERROR;
				CLANG_WARN_RANGE_LOOP_ANALYSIS = YES;
				CLANG_WARN_STRICT_PROTOTYPES = YES;
				CLANG_WARN_SUSPICIOUS_MOVE = YES;
				CLANG_WARN_UNGUARDED_AVAILABILITY = YES_AGGRESSIVE;
				CLANG_WARN_UNREACHABLE_CODE = YES;
				CLANG_WARN__DUPLICATE_METHOD_MATCH = YES;
				CODE_SIGN_IDENTITY = "iPhone Developer";
				COPY_PHASE_STRIP = NO;
				DEBUG_INFORMATION_FORMAT = "dwarf-with-dsym";
				ENABLE_NS_ASSERTIONS = NO;
				ENABLE_STRICT_OBJC_MSGSEND = YES;
				GCC_C_LANGUAGE_STANDARD = gnu11;
				GCC_NO_COMMON_BLOCKS = YES;
				GCC_WARN_64_TO_32_BIT_CONVERSION = YES;
				GCC_WARN_ABOUT_RETURN_TYPE = YES_ERROR;
				GCC_WARN_UNDECLARED_SELECTOR = YES;
				GCC_WARN_UNINITIALIZED_AUTOS = YES_AGGRESSIVE;
				GCC_WARN_UNUSED_FUNCTION = YES;
				GCC_WARN_UNUSED_VARIABLE = YES;
				IPHONEOS_DEPLOYMENT_TARGET = 11.0;
				MTL_ENABLE_DEBUG_INFO = NO;
				SDKROOT = iphoneos;
				SWIFT_OPTIMIZATION_LEVEL = "-Owholemodule";
				VALIDATE_PRODUCT = YES;
			};
			name = Release;
		};
		728A34951F9F21A1005377D6 /* Debug */ = {
			isa = XCBuildConfiguration;
			buildSettings = {
				ASSETCATALOG_COMPILER_COMPLICATION_NAME = Complication;
				CODE_SIGN_STYLE = Automatic;
				INFOPLIST_FILE = "HomePlate WatchKit Extension/Info.plist";
				LD_RUNPATH_SEARCH_PATHS = "$(inherited) @executable_path/Frameworks @executable_path/../../Frameworks";
				PRODUCT_BUNDLE_IDENTIFIER = mutegolf.HomePlate.watchkitapp.watchkitextension;
				PRODUCT_NAME = "${TARGET_NAME}";
				SDKROOT = watchos;
				SKIP_INSTALL = YES;
				SWIFT_VERSION = 4.0;
				TARGETED_DEVICE_FAMILY = 4;
				WATCHOS_DEPLOYMENT_TARGET = 4.0;
			};
			name = Debug;
		};
		728A34961F9F21A1005377D6 /* Release */ = {
			isa = XCBuildConfiguration;
			buildSettings = {
				ASSETCATALOG_COMPILER_COMPLICATION_NAME = Complication;
				CODE_SIGN_STYLE = Automatic;
				INFOPLIST_FILE = "HomePlate WatchKit Extension/Info.plist";
				LD_RUNPATH_SEARCH_PATHS = "$(inherited) @executable_path/Frameworks @executable_path/../../Frameworks";
				PRODUCT_BUNDLE_IDENTIFIER = mutegolf.HomePlate.watchkitapp.watchkitextension;
				PRODUCT_NAME = "${TARGET_NAME}";
				SDKROOT = watchos;
				SKIP_INSTALL = YES;
				SWIFT_VERSION = 4.0;
				TARGETED_DEVICE_FAMILY = 4;
				WATCHOS_DEPLOYMENT_TARGET = 4.0;
			};
			name = Release;
		};
		728A34991F9F21A1005377D6 /* Debug */ = {
			isa = XCBuildConfiguration;
			buildSettings = {
				ALWAYS_EMBED_SWIFT_STANDARD_LIBRARIES = YES;
				ASSETCATALOG_COMPILER_APPICON_NAME = AppIcon;
				CODE_SIGN_STYLE = Automatic;
				IBSC_MODULE = HomePlate_WatchKit_Extension;
				INFOPLIST_FILE = "HomePlate WatchKit App/Info.plist";
				PRODUCT_BUNDLE_IDENTIFIER = mutegolf.HomePlate.watchkitapp;
				PRODUCT_NAME = "$(TARGET_NAME)";
				SDKROOT = watchos;
				SKIP_INSTALL = YES;
				SWIFT_VERSION = 4.0;
				TARGETED_DEVICE_FAMILY = 4;
				WATCHOS_DEPLOYMENT_TARGET = 4.0;
			};
			name = Debug;
		};
		728A349A1F9F21A1005377D6 /* Release */ = {
			isa = XCBuildConfiguration;
			buildSettings = {
				ALWAYS_EMBED_SWIFT_STANDARD_LIBRARIES = YES;
				ASSETCATALOG_COMPILER_APPICON_NAME = AppIcon;
				CODE_SIGN_STYLE = Automatic;
				IBSC_MODULE = HomePlate_WatchKit_Extension;
				INFOPLIST_FILE = "HomePlate WatchKit App/Info.plist";
				PRODUCT_BUNDLE_IDENTIFIER = mutegolf.HomePlate.watchkitapp;
				PRODUCT_NAME = "$(TARGET_NAME)";
				SDKROOT = watchos;
				SKIP_INSTALL = YES;
				SWIFT_VERSION = 4.0;
				TARGETED_DEVICE_FAMILY = 4;
				WATCHOS_DEPLOYMENT_TARGET = 4.0;
			};
			name = Release;
		};
		728A349D1F9F21A1005377D6 /* Debug */ = {
			isa = XCBuildConfiguration;
			buildSettings = {
				ASSETCATALOG_COMPILER_APPICON_NAME = AppIcon;
				CODE_SIGN_STYLE = Automatic;
				INFOPLIST_FILE = HomePlate/Info.plist;
				LD_RUNPATH_SEARCH_PATHS = "$(inherited) @executable_path/Frameworks";
				PRODUCT_BUNDLE_IDENTIFIER = mutegolf.HomePlate;
				PRODUCT_NAME = "$(TARGET_NAME)";
				SWIFT_VERSION = 4.0;
				TARGETED_DEVICE_FAMILY = "1,2";
			};
			name = Debug;
		};
		728A349E1F9F21A1005377D6 /* Release */ = {
			isa = XCBuildConfiguration;
			buildSettings = {
				ASSETCATALOG_COMPILER_APPICON_NAME = AppIcon;
				CODE_SIGN_STYLE = Automatic;
				INFOPLIST_FILE = HomePlate/Info.plist;
				LD_RUNPATH_SEARCH_PATHS = "$(inherited) @executable_path/Frameworks";
				PRODUCT_BUNDLE_IDENTIFIER = mutegolf.HomePlate;
				PRODUCT_NAME = "$(TARGET_NAME)";
				SWIFT_VERSION = 4.0;
				TARGETED_DEVICE_FAMILY = "1,2";
			};
			name = Release;
		};
		728A34A01F9F21A1005377D6 /* Debug */ = {
			isa = XCBuildConfiguration;
			buildSettings = {
				ALWAYS_EMBED_SWIFT_STANDARD_LIBRARIES = YES;
				BUNDLE_LOADER = "$(TEST_HOST)";
				CODE_SIGN_STYLE = Automatic;
				INFOPLIST_FILE = HomePlateTests/Info.plist;
				LD_RUNPATH_SEARCH_PATHS = "$(inherited) @executable_path/Frameworks @loader_path/Frameworks";
				PRODUCT_BUNDLE_IDENTIFIER = mutegolf.HomePlateTests;
				PRODUCT_NAME = "$(TARGET_NAME)";
				SWIFT_VERSION = 4.0;
				TARGETED_DEVICE_FAMILY = "1,2";
				TEST_HOST = "$(BUILT_PRODUCTS_DIR)/HomePlate.app/HomePlate";
			};
			name = Debug;
		};
		728A34A11F9F21A1005377D6 /* Release */ = {
			isa = XCBuildConfiguration;
			buildSettings = {
				ALWAYS_EMBED_SWIFT_STANDARD_LIBRARIES = YES;
				BUNDLE_LOADER = "$(TEST_HOST)";
				CODE_SIGN_STYLE = Automatic;
				INFOPLIST_FILE = HomePlateTests/Info.plist;
				LD_RUNPATH_SEARCH_PATHS = "$(inherited) @executable_path/Frameworks @loader_path/Frameworks";
				PRODUCT_BUNDLE_IDENTIFIER = mutegolf.HomePlateTests;
				PRODUCT_NAME = "$(TARGET_NAME)";
				SWIFT_VERSION = 4.0;
				TARGETED_DEVICE_FAMILY = "1,2";
				TEST_HOST = "$(BUILT_PRODUCTS_DIR)/HomePlate.app/HomePlate";
			};
			name = Release;
		};
		728A34A31F9F21A1005377D6 /* Debug */ = {
			isa = XCBuildConfiguration;
			buildSettings = {
				ALWAYS_EMBED_SWIFT_STANDARD_LIBRARIES = YES;
				CODE_SIGN_STYLE = Automatic;
				INFOPLIST_FILE = HomePlateUITests/Info.plist;
				LD_RUNPATH_SEARCH_PATHS = "$(inherited) @executable_path/Frameworks @loader_path/Frameworks";
				PRODUCT_BUNDLE_IDENTIFIER = mutegolf.HomePlateUITests;
				PRODUCT_NAME = "$(TARGET_NAME)";
				SWIFT_VERSION = 4.0;
				TARGETED_DEVICE_FAMILY = "1,2";
				TEST_TARGET_NAME = HomePlate;
			};
			name = Debug;
		};
		728A34A41F9F21A1005377D6 /* Release */ = {
			isa = XCBuildConfiguration;
			buildSettings = {
				ALWAYS_EMBED_SWIFT_STANDARD_LIBRARIES = YES;
				CODE_SIGN_STYLE = Automatic;
				INFOPLIST_FILE = HomePlateUITests/Info.plist;
				LD_RUNPATH_SEARCH_PATHS = "$(inherited) @executable_path/Frameworks @loader_path/Frameworks";
				PRODUCT_BUNDLE_IDENTIFIER = mutegolf.HomePlateUITests;
				PRODUCT_NAME = "$(TARGET_NAME)";
				SWIFT_VERSION = 4.0;
				TARGETED_DEVICE_FAMILY = "1,2";
				TEST_TARGET_NAME = HomePlate;
			};
			name = Release;
		};
/* End XCBuildConfiguration section */

/* Begin XCConfigurationList section */
		728A34471F9F21A0005377D6 /* Build configuration list for PBXProject "HomePlate" */ = {
			isa = XCConfigurationList;
			buildConfigurations = (
				728A34921F9F21A1005377D6 /* Debug */,
				728A34931F9F21A1005377D6 /* Release */,
			);
			defaultConfigurationIsVisible = 0;
			defaultConfigurationName = Release;
		};
		728A34941F9F21A1005377D6 /* Build configuration list for PBXNativeTarget "HomePlate WatchKit Extension" */ = {
			isa = XCConfigurationList;
			buildConfigurations = (
				728A34951F9F21A1005377D6 /* Debug */,
				728A34961F9F21A1005377D6 /* Release */,
			);
			defaultConfigurationIsVisible = 0;
			defaultConfigurationName = Release;
		};
		728A34981F9F21A1005377D6 /* Build configuration list for PBXNativeTarget "HomePlate WatchKit App" */ = {
			isa = XCConfigurationList;
			buildConfigurations = (
				728A34991F9F21A1005377D6 /* Debug */,
				728A349A1F9F21A1005377D6 /* Release */,
			);
			defaultConfigurationIsVisible = 0;
			defaultConfigurationName = Release;
		};
		728A349C1F9F21A1005377D6 /* Build configuration list for PBXNativeTarget "HomePlate" */ = {
			isa = XCConfigurationList;
			buildConfigurations = (
				728A349D1F9F21A1005377D6 /* Debug */,
				728A349E1F9F21A1005377D6 /* Release */,
			);
			defaultConfigurationIsVisible = 0;
			defaultConfigurationName = Release;
		};
		728A349F1F9F21A1005377D6 /* Build configuration list for PBXNativeTarget "HomePlateTests" */ = {
			isa = XCConfigurationList;
			buildConfigurations = (
				728A34A01F9F21A1005377D6 /* Debug */,
				728A34A11F9F21A1005377D6 /* Release */,
			);
			defaultConfigurationIsVisible = 0;
			defaultConfigurationName = Release;
		};
		728A34A21F9F21A1005377D6 /* Build configuration list for PBXNativeTarget "HomePlateUITests" */ = {
			isa = XCConfigurationList;
			buildConfigurations = (
				728A34A31F9F21A1005377D6 /* Debug */,
				728A34A41F9F21A1005377D6 /* Release */,
			);
			defaultConfigurationIsVisible = 0;
			defaultConfigurationName = Release;
		};
/* End XCConfigurationList section */
	};
	rootObject = 728A34441F9F21A0005377D6 /* Project object */;
}
